hash: 15a19d19a2c628eecec192e6c0ed4abad73c46680ec08221d6c3905f4daa0c62
updated: 2017-04-20T17:22:24.743096003+05:30
imports:
- name: github.com/gorilla/context
  version: 08b5f424b9271eedf6f9f0ce86cb9396ed337a42
- name: github.com/gorilla/mux
  version: 599cba5e7b6137d46ddf58fb1765f5d928e69604
- name: github.com/tcard/pluginunmarshal
  version: 397ad236042774ebcd5ac1a8cd4487e1b6b60f10
testImports: []
